
Microsoft Visual Studio Solution File, Format Version 12.00
# Visual Studio Version 17
VisualStudioVersion = 17.7.34024.191
MinimumVisualStudioVersion = 10.0.40219.1
Project("{FAE04EC0-301F-11D3-BF4B-00C04F79EFBC}") = "pz_14(RX)", "pz_14(RX)\pz_14(RX).csproj", "{CF454E0B-B6D7-47BB-A5B6-498E9E111224}"
EndProject
Global
	GlobalSection(SolutionConfigurationPlatforms) = preSolution
		Debug|Any CPU = Debug|Any CPU
		Release|Any CPU = Release|Any CPU
	EndGlobalSection
	GlobalSection(ProjectConfigurationPlatforms) = postSolution
		{CF454E0B-B6D7-47BB-A5B6-498E9E111224}.Debug|Any CPU.ActiveCfg = Debug|Any CPU
		{CF454E0B-B6D7-47BB-A5B6-498E9E111224}.Debug|Any CPU.Build.0 = Debug|Any CPU
		{CF454E0B-B6D7-47BB-A5B6-498E9E111224}.Release|Any CPU.ActiveCfg = Release|Any CPU
		{CF454E0B-B6D7-47BB-A5B6-498E9E111224}.Release|Any CPU.Build.0 = Release|Any CPU
	EndGlobalSection
	GlobalSection(SolutionProperties) = preSolution
		HideSolutionNode = FALSE
	EndGlobalSection
	GlobalSection(ExtensibilityGlobals) = postSolution
		SolutionGuid = {7A065C60-EC61-468C-A196-3C008DE1661A}
	EndGlobalSection
EndGlobal
